
Microsoft Visual Studio Solution File, Format Version 12.00
# Visual Studio Version 16
VisualStudioVersion = 16.0.32802.440
MinimumVisualStudioVersion = 10.0.40219.1
Project("{FAE04EC0-301F-11D3-BF4B-00C04F79EFBC}") = "practica8", "practica8\practica8.csproj", "{4CD6311B-6BD2-4EE2-831B-81F1E5BCC434}"
EndProject
Project("{FAE04EC0-301F-11D3-BF4B-00C04F79EFBC}") = "ejercicio 1", "ejercicio 1\ejercicio 1.csproj", "{C71AB616-29D2-4953-B480-6E35119FB68D}"
EndProject
Global
	GlobalSection(SolutionConfigurationPlatforms) = preSolution
		Debug|Any CPU = Debug|Any CPU
		Release|Any CPU = Release|Any CPU
	EndGlobalSection
	GlobalSection(ProjectConfigurationPlatforms) = postSolution
		{4CD6311B-6BD2-4EE2-831B-81F1E5BCC434}.Debug|Any CPU.ActiveCfg = Debug|Any CPU
		{4CD6311B-6BD2-4EE2-831B-81F1E5BCC434}.Debug|Any CPU.Build.0 = Debug|Any CPU
		{4CD6311B-6BD2-4EE2-831B-81F1E5BCC434}.Release|Any CPU.ActiveCfg = Release|Any CPU
		{4CD6311B-6BD2-4EE2-831B-81F1E5BCC434}.Release|Any CPU.Build.0 = Release|Any CPU
		{C71AB616-29D2-4953-B480-6E35119FB68D}.Debug|Any CPU.ActiveCfg = Debug|Any CPU
		{C71AB616-29D2-4953-B480-6E35119FB68D}.Debug|Any CPU.Build.0 = Debug|Any CPU
		{C71AB616-29D2-4953-B480-6E35119FB68D}.Release|Any CPU.ActiveCfg = Release|Any CPU
		{C71AB616-29D2-4953-B480-6E35119FB68D}.Release|Any CPU.Build.0 = Release|Any CPU
	EndGlobalSection
	GlobalSection(SolutionProperties) = preSolution
		HideSolutionNode = FALSE
	EndGlobalSection
	GlobalSection(ExtensibilityGlobals) = postSolution
		SolutionGuid = {74580599-5E94-4A1D-A813-47F855328E8E}
	EndGlobalSection
EndGlobal
